{
  "name": "brandbone-worker",
  "version": "2.0.0",
  "lockfileVersion": 3,
  "requires": true,
  "packages": {
    "": {
      "name": "brandbone-worker",
      "version": "2.0.0",
      "dependencies": {
        "@supabase/supabase-js": "^2.39.0",
        "hono": "^4.0.0"
      },
      "devDependencies": {
        "wrangler": "^3.0.0"
      }
    },
    "node_modules/@supabase/functions-js": {
      "version": "2.1.0",
      "resolved": "https://registry.npmjs.org/@supabase/functions-js/-/functions-js-2.1.0.tgz",
      "integrity": "sha512-Lv6VkgD8fEHSwEFXGkKYKO+keH83ZDoZUbZPp8xNtS2pdMUj/qrXZjdWVq8Cvw+9bCJk/f4S7kPKHfc4mJ4hSw==",
      "dependencies": {
        "@supabase/node-fetch": "^2.6.14"
      }
    },
    "node_modules/@supabase/node-fetch": {
      "version": "2.6.15",
      "resolved": "https://registry.npmjs.org/@supabase/node-fetch/-/node-fetch-2.6.15.tgz",
      "integrity": "sha512-ZXmn/iFyoE4xMwwUJFZB2QzJliEUM2IYcZJfPjvfu5PRz+W/2LpS34Gy1frLpNcYHn8gQ+D57d/+Le0T5cTqYQ==",
      "engines": {
        "node": "4.x || >=6.0.0"
      }
    },
    "node_modules/@supabase/postgrest-js": {
      "version": "1.9.0",
      "resolved": "https://registry.npmjs.org/@supabase/postgrest-js/-/postgrest-js-1.9.0.tgz",
      "integrity": "sha512-axPab4eQdNiPdtLNrBz1q2t1o2VXSVLRHLCFcJqN/bgLteiQZfIbRfHX6tHcl7N8KSCrFCTtJv+wBECvnucMfw==",
      "dependencies": {
        "@supabase/node-fetch": "^2.6.14"
      }
    },
    "node_modules/@supabase/realtime-js": {
      "version": "2.9.0",
      "resolved": "https://registry.npmjs.org/@supabase/realtime-js/-/realtime-js-2.9.0.tgz",
      "integrity": "sha512-eP4JsB/KF6xE5VylCsiN3hPpYwt7PjJ5ZyfWH7PlS47jQK48PRXmVxJpN0pFudJbT3W+nGZGvVWndYVFw6CQCg==",
      "dependencies": {
        "@supabase/node-fetch": "^2.6.14",
        "@types/phoenix": "^1.5.4",
        "ws": "^8.14.2"
      }
    },
    "node_modules/@supabase/storage-js": {
      "version": "2.5.1",
      "resolved": "https://registry.npmjs.org/@supabase/storage-js/-/storage-js-2.5.1.tgz",
      "integrity": "sha512-n1aSrE7nJ+NUkY9oCqBdpqDxgPvH8IT2r1e1flq/LoGyW5E2cDEzVyWFY2sUSgX3AEdtT4yGeHZEYlXPB/JGYA==",
      "dependencies": {
        "@supabase/node-fetch": "^2.6.14"
      }
    },
    "node_modules/@supabase/supabase-js": {
      "version": "2.39.0",
      "resolved": "https://registry.npmjs.org/@supabase/supabase-js/-/supabase-js-2.39.0.tgz",
      "integrity": "sha512-WH5qhZ4vP1j7ZOjP+fyKi/lrU3j7GijQYoXWWHsZY0MS6m8e2NQouCs8c9bB+hI+NpM9pmJbYlseJf/x1mNpaw==",
      "dependencies": {
        "@supabase/functions-js": "^2.1.0",
        "@supabase/postgrest-js": "^1.9.0",
        "@supabase/realtime-js": "^2.9.0",
        "@supabase/storage-js": "^2.5.1"
      }
    },
    "node_modules/@types/node": {
      "version": "20.11.0",
      "resolved": "https://registry.npmjs.org/@types/node/-/node-20.11.0.tgz",
      "integrity": "sha512-o9bjXmDNcF7GbM4CNQpmi+TutCgap/K3w1JyKgxAjqx41zp9qlIAVFi0IhCNsJcXolEqLWhbFbEeL0PvYm4pcQ==",
      "dev": true,
      "dependencies": {
        "undici-types": "~5.26.4"
      }
    },
    "node_modules/@types/phoenix": {
      "version": "1.5.5",
      "resolved": "https://registry.npmjs.org/@types/phoenix/-/phoenix-1.5.5.tgz",
      "integrity": "sha512-1eWWT19k0L4ZiTvdXjAvJ9KvW0Gl8cPUmXQWBoTu2UJ+RgUVkJLr0PZnkPr1iJs2DqEnRUvqI4E2K+GdsC6L0g=="
    },
    "node_modules/hono": {
      "version": "4.0.0",
      "resolved": "https://registry.npmjs.org/hono/-/hono-4.0.0.tgz",
      "integrity": "sha512-HUaRXXJ5mGJLGPoN10YFyMqCCFCPfQEB90If8Zc1MUi/w2F01iWgOQOud5H5H9M1JpCjhEjgj+o+70EqnAgaXQ==",
      "engines": {
        "node": ">=16.0.0"
      }
    },
    "node_modules/undici-types": {
      "version": "5.26.5",
      "resolved": "https://registry.npmjs.org/undici-types/-/undici-types-5.26.5.tgz",
      "integrity": "sha512-JlCMO+ehdEIKqlFxk6IfVoAUVmgz7cU7zD/h9XZ0qzeosSHmUJVOzSQvvYSYWXkFXC+IfLKSIffhv0sVZup6pA==",
      "dev": true
    },
    "node_modules/wrangler": {
      "version": "3.22.0",
      "resolved": "https://registry.npmjs.org/wrangler/-/wrangler-3.22.0.tgz",
      "integrity": "sha512-3G6XLyHfK1m9yC+9I9AE1xO78lJdlDml9d+iWW3JErXSjWHrq7o3C/wrmMnCiwXaDPyNlqXtyhFshdDGtMBwHw==",
      "dev": true,
      "dependencies": {
        "@cloudflare/kv-asset-handler": "^0.2.0",
        "@esbuild-plugins/node-globals-polyfill": "^0.2.3",
        "@esbuild-plugins/node-modules-polyfill": "^0.2.2",
        "blake3-wasm": "^2.1.5",
        "chokidar": "^3.5.3",
        "esbuild": "0.17.19",
        "miniflare": "^3.20231030.3",
        "nanoid": "^3.3.3",
        "path-to-regexp": "^6.2.0",
        "resolve.exports": "^2.0.2",
        "selfsigned": "^2.0.1",
        "source-map": "0.6.1",
        "source-map-support": "0.5.21",
        "xxhash-wasm": "^1.0.1"
      },
      "bin": {
        "wrangler": "bin/wrangler.js",
        "wrangler2": "bin/wrangler.js"
      },
      "engines": {
        "node": ">=16.17.0"
      },
      "optionalDependencies": {
        "fsevents": "~2.3.2"
      }
    },
    "node_modules/ws": {
      "version": "8.16.0",
      "resolved": "https://registry.npmjs.org/ws/-/ws-8.16.0.tgz",
      "integrity": "sha512-HS0c//TP7Ina87TfiPUz1rQzMhHrl/SG2guqRcTOIUYD2q8uhUdNHZYJUaQ8aTGPzCh+c6oawMKW35nFl1dxyQ==",
      "engines": {
        "node": ">=10.0.0"
      },
      "peerDependencies": {
        "bufferutil": "^4.0.1",
        "utf-8-validate": ">=5.0.2"
      },
      "peerDependenciesMeta": {
        "bufferutil": {
          "optional": true
        },
        "utf-8-validate": {
          "optional": true
        }
      }
    }
  }
      }
